
Microsoft Visual Studio Solution File, Format Version 12.00
# Visual Studio 15
VisualStudioVersion = 15.0.27130.2020
MinimumVisualStudioVersion = 10.0.40219.1
Project("{9A19103F-16F7-4668-BE54-9A1E7A4F7556}") = "OTL_API", "OTL_API\OTL_API.csproj", "{EEC2B513-B839-4DA0-B65E-D9711D143D0F}"
EndProject
Project("{FAE04EC0-301F-11D3-BF4B-00C04F79EFBC}") = "OTL_Client", "OTL_Client\OTL_Client.csproj", "{B7694EF2-138E-4F69-89DA-23820AB69C9F}"
EndProject
Global
	GlobalSection(SolutionConfigurationPlatforms) = preSolution
		Debug|Any CPU = Debug|Any CPU
		Release|Any CPU = Release|Any CPU
	EndGlobalSection
	GlobalSection(ProjectConfigurationPlatforms) = postSolution
		{EEC2B513-B839-4DA0-B65E-D9711D143D0F}.Debug|Any CPU.ActiveCfg = Debug|Any CPU
		{EEC2B513-B839-4DA0-B65E-D9711D143D0F}.Debug|Any CPU.Build.0 = Debug|Any CPU
		{EEC2B513-B839-4DA0-B65E-D9711D143D0F}.Release|Any CPU.ActiveCfg = Release|Any CPU
		{EEC2B513-B839-4DA0-B65E-D9711D143D0F}.Release|Any CPU.Build.0 = Release|Any CPU
		{B7694EF2-138E-4F69-89DA-23820AB69C9F}.Debug|Any CPU.ActiveCfg = Debug|Any CPU
		{B7694EF2-138E-4F69-89DA-23820AB69C9F}.Debug|Any CPU.Build.0 = Debug|Any CPU
		{B7694EF2-138E-4F69-89DA-23820AB69C9F}.Release|Any CPU.ActiveCfg = Release|Any CPU
		{B7694EF2-138E-4F69-89DA-23820AB69C9F}.Release|Any CPU.Build.0 = Release|Any CPU
	EndGlobalSection
	GlobalSection(SolutionProperties) = preSolution
		HideSolutionNode = FALSE
	EndGlobalSection
	GlobalSection(ExtensibilityGlobals) = postSolution
		SolutionGuid = {9DC16992-200B-4737-9A1D-F223C016B229}
	EndGlobalSection
EndGlobal
